
Microsoft Visual Studio Solution File, Format Version 12.00
# Visual Studio Version 17
VisualStudioVersion = 17.9.34728.123
MinimumVisualStudioVersion = 10.0.40219.1
Project("{9A19103F-16F7-4668-BE54-9A1E7A4F7556}") = "Maxim-Project", "Maxim-Project\Maxim-Project.csproj", "{A7453DCC-9855-40FD-8C20-D5000FA43BF9}"
EndProject
Project("{FAE04EC0-301F-11D3-BF4B-00C04F79EFBC}") = "Database", "Database\Database.csproj", "{5F44E2BB-7D9D-4ECB-8975-EEF46291889E}"
EndProject
Global
	GlobalSection(SolutionConfigurationPlatforms) = preSolution
		Debug|Any CPU = Debug|Any CPU
		Release|Any CPU = Release|Any CPU
	EndGlobalSection
	GlobalSection(ProjectConfigurationPlatforms) = postSolution
		{A7453DCC-9855-40FD-8C20-D5000FA43BF9}.Debug|Any CPU.ActiveCfg = Debug|Any CPU
		{A7453DCC-9855-40FD-8C20-D5000FA43BF9}.Debug|Any CPU.Build.0 = Debug|Any CPU
		{A7453DCC-9855-40FD-8C20-D5000FA43BF9}.Release|Any CPU.ActiveCfg = Release|Any CPU
		{A7453DCC-9855-40FD-8C20-D5000FA43BF9}.Release|Any CPU.Build.0 = Release|Any CPU
		{5F44E2BB-7D9D-4ECB-8975-EEF46291889E}.Debug|Any CPU.ActiveCfg = Debug|Any CPU
		{5F44E2BB-7D9D-4ECB-8975-EEF46291889E}.Debug|Any CPU.Build.0 = Debug|Any CPU
		{5F44E2BB-7D9D-4ECB-8975-EEF46291889E}.Release|Any CPU.ActiveCfg = Release|Any CPU
		{5F44E2BB-7D9D-4ECB-8975-EEF46291889E}.Release|Any CPU.Build.0 = Release|Any CPU
	EndGlobalSection
	GlobalSection(SolutionProperties) = preSolution
		HideSolutionNode = FALSE
	EndGlobalSection
	GlobalSection(ExtensibilityGlobals) = postSolution
		SolutionGuid = {B9D5980C-105B-4EB2-8D54-9CEEE13EBA74}
	EndGlobalSection
EndGlobal
